<Solution>
  <Project Path="HuntingTheManticore/HuntingTheManticore.csproj" />
  <Project Path="SimulasSoup/SimulasSoup.csproj" />
  <Project Path="SimulasTest/SimulasTest.csproj" />
  <Project Path="TheCard/TheCard.csproj" />
  <Project Path="TheColor/TheColor.csproj" />
  <Project Path="TheLockedDoor/TheLockedDoor.csproj" />
  <Project Path="ThePoint/ThePoint.csproj" />
  <Project Path="VinFletchersArrows/VinFletchersArrows.csproj" />
</Solution>
